{
  "name": "repo-privacy-guard",
  "version": "0.1.0",
  "lockfileVersion": 3,
  "requires": true,
  "packages": {
    "": {
      "name": "repo-privacy-guard",
      "version": "0.1.0",
      "license": "MIT",
      "bin": {
        "repo-privacy-guard": "src/cli.mjs"
      },
      "engines": {
        "node": ">=20"
      }
    }
  }
}
